
Microsoft Visual Studio Solution File, Format Version 12.00
# Visual Studio Version 17
VisualStudioVersion = 17.7.34221.43
MinimumVisualStudioVersion = 10.0.40219.1
Project("{9A19103F-16F7-4668-BE54-9A1E7A4F7556}") = "Core_Console", "Core_Console\Core_Console.csproj", "{6602F20B-FA18-485D-9A89-CEC04932027F}"
EndProject
Project("{FAE04EC0-301F-11D3-BF4B-00C04F79EFBC}") = "Wpf_Framework", "Wpf_Framework\Wpf_Framework.csproj", "{061E696A-B428-4F1D-AD4A-22C431166D53}"
EndProject
Project("{FAE04EC0-301F-11D3-BF4B-00C04F79EFBC}") = "Framework_Console_Old", "Framework_Console_Old\Framework_Console_Old.csproj", "{B3436961-068D-4028-B69B-8FA88EDDDE1E}"
EndProject
Project("{9A19103F-16F7-4668-BE54-9A1E7A4F7556}") = "Multi", "Multi\Multi.csproj", "{B8A00117-B660-4697-BA19-17293165EFF2}"
EndProject
Project("{D954291E-2A0B-460D-934E-DC6B0785DB48}") = "Shared", "Shared\Shared.shproj", "{000542CB-B192-4040-99A8-B808EEE43EE0}"
EndProject
Project("{9A19103F-16F7-4668-BE54-9A1E7A4F7556}") = "TestCore", "TestCore\TestCore.csproj", "{00A0078D-7CE6-49A7-9B3A-FF0EBE2746E6}"
EndProject
Project("{9A19103F-16F7-4668-BE54-9A1E7A4F7556}") = "CoreLibe", "CoreLibe\CoreLibe.csproj", "{AB0C2E60-40A3-49AC-8FFA-B52187A2657F}"
EndProject
Project("{9A19103F-16F7-4668-BE54-9A1E7A4F7556}") = "Blazor", "Blazor\Blazor.csproj", "{57CC4818-A818-4E9D-9D13-81FB81A8ECD6}"
EndProject
Project("{9A19103F-16F7-4668-BE54-9A1E7A4F7556}") = "Cshtml", "Cshtml\Cshtml.csproj", "{C1E8D568-CA0A-45F5-B82F-3CC5D4759191}"
EndProject
Project("{FAE04EC0-301F-11D3-BF4B-00C04F79EFBC}") = "Aspx", "Aspx\Aspx.csproj", "{BB0B62F4-E3F4-49B6-AB4B-92BE0A387816}"
EndProject
Project("{8BC9CEB8-8B4A-11D0-8D11-00A0C91BC942}") = "Cpp", "Cpp\Cpp.vcxproj", "{E68B2401-1C76-4992-966D-05522CAF5D95}"
EndProject
Global
	GlobalSection(SolutionConfigurationPlatforms) = preSolution
		Debug|Any CPU = Debug|Any CPU
		Debug|x64 = Debug|x64
		Debug|x86 = Debug|x86
		Release|Any CPU = Release|Any CPU
		Release|x64 = Release|x64
		Release|x86 = Release|x86
	EndGlobalSection
	GlobalSection(ProjectConfigurationPlatforms) = postSolution
		{6602F20B-FA18-485D-9A89-CEC04932027F}.Debug|Any CPU.ActiveCfg = Debug|Any CPU
		{6602F20B-FA18-485D-9A89-CEC04932027F}.Debug|Any CPU.Build.0 = Debug|Any CPU
		{6602F20B-FA18-485D-9A89-CEC04932027F}.Debug|x64.ActiveCfg = Debug|Any CPU
		{6602F20B-FA18-485D-9A89-CEC04932027F}.Debug|x64.Build.0 = Debug|Any CPU
		{6602F20B-FA18-485D-9A89-CEC04932027F}.Debug|x86.ActiveCfg = Debug|Any CPU
		{6602F20B-FA18-485D-9A89-CEC04932027F}.Debug|x86.Build.0 = Debug|Any CPU
		{6602F20B-FA18-485D-9A89-CEC04932027F}.Release|Any CPU.ActiveCfg = Release|Any CPU
		{6602F20B-FA18-485D-9A89-CEC04932027F}.Release|Any CPU.Build.0 = Release|Any CPU
		{6602F20B-FA18-485D-9A89-CEC04932027F}.Release|x64.ActiveCfg = Release|Any CPU
		{6602F20B-FA18-485D-9A89-CEC04932027F}.Release|x64.Build.0 = Release|Any CPU
		{6602F20B-FA18-485D-9A89-CEC04932027F}.Release|x86.ActiveCfg = Release|Any CPU
		{6602F20B-FA18-485D-9A89-CEC04932027F}.Release|x86.Build.0 = Release|Any CPU
		{061E696A-B428-4F1D-AD4A-22C431166D53}.Debug|Any CPU.ActiveCfg = Debug|Any CPU
		{061E696A-B428-4F1D-AD4A-22C431166D53}.Debug|Any CPU.Build.0 = Debug|Any CPU
		{061E696A-B428-4F1D-AD4A-22C431166D53}.Debug|x64.ActiveCfg = Debug|Any CPU
		{061E696A-B428-4F1D-AD4A-22C431166D53}.Debug|x64.Build.0 = Debug|Any CPU
		{061E696A-B428-4F1D-AD4A-22C431166D53}.Debug|x86.ActiveCfg = Debug|Any CPU
		{061E696A-B428-4F1D-AD4A-22C431166D53}.Debug|x86.Build.0 = Debug|Any CPU
		{061E696A-B428-4F1D-AD4A-22C431166D53}.Release|Any CPU.ActiveCfg = Release|Any CPU
		{061E696A-B428-4F1D-AD4A-22C431166D53}.Release|Any CPU.Build.0 = Release|Any CPU
		{061E696A-B428-4F1D-AD4A-22C431166D53}.Release|x64.ActiveCfg = Release|Any CPU
		{061E696A-B428-4F1D-AD4A-22C431166D53}.Release|x64.Build.0 = Release|Any CPU
		{061E696A-B428-4F1D-AD4A-22C431166D53}.Release|x86.ActiveCfg = Release|Any CPU
		{061E696A-B428-4F1D-AD4A-22C431166D53}.Release|x86.Build.0 = Release|Any CPU
		{B3436961-068D-4028-B69B-8FA88EDDDE1E}.Debug|Any CPU.ActiveCfg = Debug|Any CPU
		{B3436961-068D-4028-B69B-8FA88EDDDE1E}.Debug|Any CPU.Build.0 = Debug|Any CPU
		{B3436961-068D-4028-B69B-8FA88EDDDE1E}.Debug|x64.ActiveCfg = Debug|Any CPU
		{B3436961-068D-4028-B69B-8FA88EDDDE1E}.Debug|x64.Build.0 = Debug|Any CPU
		{B3436961-068D-4028-B69B-8FA88EDDDE1E}.Debug|x86.ActiveCfg = Debug|Any CPU
		{B3436961-068D-4028-B69B-8FA88EDDDE1E}.Debug|x86.Build.0 = Debug|Any CPU
		{B3436961-068D-4028-B69B-8FA88EDDDE1E}.Release|Any CPU.ActiveCfg = Release|Any CPU
		{B3436961-068D-4028-B69B-8FA88EDDDE1E}.Release|Any CPU.Build.0 = Release|Any CPU
		{B3436961-068D-4028-B69B-8FA88EDDDE1E}.Release|x64.ActiveCfg = Release|Any CPU
		{B3436961-068D-4028-B69B-8FA88EDDDE1E}.Release|x64.Build.0 = Release|Any CPU
		{B3436961-068D-4028-B69B-8FA88EDDDE1E}.Release|x86.ActiveCfg = Release|Any CPU
		{B3436961-068D-4028-B69B-8FA88EDDDE1E}.Release|x86.Build.0 = Release|Any CPU
		{B8A00117-B660-4697-BA19-17293165EFF2}.Debug|Any CPU.ActiveCfg = Debug|Any CPU
		{B8A00117-B660-4697-BA19-17293165EFF2}.Debug|Any CPU.Build.0 = Debug|Any CPU
		{B8A00117-B660-4697-BA19-17293165EFF2}.Debug|x64.ActiveCfg = Debug|Any CPU
		{B8A00117-B660-4697-BA19-17293165EFF2}.Debug|x64.Build.0 = Debug|Any CPU
		{B8A00117-B660-4697-BA19-17293165EFF2}.Debug|x86.ActiveCfg = Debug|Any CPU
		{B8A00117-B660-4697-BA19-17293165EFF2}.Debug|x86.Build.0 = Debug|Any CPU
		{B8A00117-B660-4697-BA19-17293165EFF2}.Release|Any CPU.ActiveCfg = Release|Any CPU
		{B8A00117-B660-4697-BA19-17293165EFF2}.Release|Any CPU.Build.0 = Release|Any CPU
		{B8A00117-B660-4697-BA19-17293165EFF2}.Release|x64.ActiveCfg = Release|Any CPU
		{B8A00117-B660-4697-BA19-17293165EFF2}.Release|x64.Build.0 = Release|Any CPU
		{B8A00117-B660-4697-BA19-17293165EFF2}.Release|x86.ActiveCfg = Release|Any CPU
		{B8A00117-B660-4697-BA19-17293165EFF2}.Release|x86.Build.0 = Release|Any CPU
		{00A0078D-7CE6-49A7-9B3A-FF0EBE2746E6}.Debug|Any CPU.ActiveCfg = Debug|Any CPU
		{00A0078D-7CE6-49A7-9B3A-FF0EBE2746E6}.Debug|Any CPU.Build.0 = Debug|Any CPU
		{00A0078D-7CE6-49A7-9B3A-FF0EBE2746E6}.Debug|x64.ActiveCfg = Debug|Any CPU
		{00A0078D-7CE6-49A7-9B3A-FF0EBE2746E6}.Debug|x64.Build.0 = Debug|Any CPU
		{00A0078D-7CE6-49A7-9B3A-FF0EBE2746E6}.Debug|x86.ActiveCfg = Debug|Any CPU
		{00A0078D-7CE6-49A7-9B3A-FF0EBE2746E6}.Debug|x86.Build.0 = Debug|Any CPU
		{00A0078D-7CE6-49A7-9B3A-FF0EBE2746E6}.Release|Any CPU.ActiveCfg = Release|Any CPU
		{00A0078D-7CE6-49A7-9B3A-FF0EBE2746E6}.Release|Any CPU.Build.0 = Release|Any CPU
		{00A0078D-7CE6-49A7-9B3A-FF0EBE2746E6}.Release|x64.ActiveCfg = Release|Any CPU
		{00A0078D-7CE6-49A7-9B3A-FF0EBE2746E6}.Release|x64.Build.0 = Release|Any CPU
		{00A0078D-7CE6-49A7-9B3A-FF0EBE2746E6}.Release|x86.ActiveCfg = Release|Any CPU
		{00A0078D-7CE6-49A7-9B3A-FF0EBE2746E6}.Release|x86.Build.0 = Release|Any CPU
		{AB0C2E60-40A3-49AC-8FFA-B52187A2657F}.Debug|Any CPU.ActiveCfg = Debug|Any CPU
		{AB0C2E60-40A3-49AC-8FFA-B52187A2657F}.Debug|Any CPU.Build.0 = Debug|Any CPU
		{AB0C2E60-40A3-49AC-8FFA-B52187A2657F}.Debug|x64.ActiveCfg = Debug|Any CPU
		{AB0C2E60-40A3-49AC-8FFA-B52187A2657F}.Debug|x64.Build.0 = Debug|Any CPU
		{AB0C2E60-40A3-49AC-8FFA-B52187A2657F}.Debug|x86.ActiveCfg = Debug|Any CPU
		{AB0C2E60-40A3-49AC-8FFA-B52187A2657F}.Debug|x86.Build.0 = Debug|Any CPU
		{AB0C2E60-40A3-49AC-8FFA-B52187A2657F}.Release|Any CPU.ActiveCfg = Release|Any CPU
		{AB0C2E60-40A3-49AC-8FFA-B52187A2657F}.Release|Any CPU.Build.0 = Release|Any CPU
		{AB0C2E60-40A3-49AC-8FFA-B52187A2657F}.Release|x64.ActiveCfg = Release|Any CPU
		{AB0C2E60-40A3-49AC-8FFA-B52187A2657F}.Release|x64.Build.0 = Release|Any CPU
		{AB0C2E60-40A3-49AC-8FFA-B52187A2657F}.Release|x86.ActiveCfg = Release|Any CPU
		{AB0C2E60-40A3-49AC-8FFA-B52187A2657F}.Release|x86.Build.0 = Release|Any CPU
		{57CC4818-A818-4E9D-9D13-81FB81A8ECD6}.Debug|Any CPU.ActiveCfg = Debug|Any CPU
		{57CC4818-A818-4E9D-9D13-81FB81A8ECD6}.Debug|Any CPU.Build.0 = Debug|Any CPU
		{57CC4818-A818-4E9D-9D13-81FB81A8ECD6}.Debug|x64.ActiveCfg = Debug|Any CPU
		{57CC4818-A818-4E9D-9D13-81FB81A8ECD6}.Debug|x64.Build.0 = Debug|Any CPU
		{57CC4818-A818-4E9D-9D13-81FB81A8ECD6}.Debug|x86.ActiveCfg = Debug|Any CPU
		{57CC4818-A818-4E9D-9D13-81FB81A8ECD6}.Debug|x86.Build.0 = Debug|Any CPU
		{57CC4818-A818-4E9D-9D13-81FB81A8ECD6}.Release|Any CPU.ActiveCfg = Release|Any CPU
		{57CC4818-A818-4E9D-9D13-81FB81A8ECD6}.Release|Any CPU.Build.0 = Release|Any CPU
		{57CC4818-A818-4E9D-9D13-81FB81A8ECD6}.Release|x64.ActiveCfg = Release|Any CPU
		{57CC4818-A818-4E9D-9D13-81FB81A8ECD6}.Release|x64.Build.0 = Release|Any CPU
		{57CC4818-A818-4E9D-9D13-81FB81A8ECD6}.Release|x86.ActiveCfg = Release|Any CPU
		{57CC4818-A818-4E9D-9D13-81FB81A8ECD6}.Release|x86.Build.0 = Release|Any CPU
		{C1E8D568-CA0A-45F5-B82F-3CC5D4759191}.Debug|Any CPU.ActiveCfg = Debug|Any CPU
		{C1E8D568-CA0A-45F5-B82F-3CC5D4759191}.Debug|Any CPU.Build.0 = Debug|Any CPU
		{C1E8D568-CA0A-45F5-B82F-3CC5D4759191}.Debug|x64.ActiveCfg = Debug|Any CPU
		{C1E8D568-CA0A-45F5-B82F-3CC5D4759191}.Debug|x64.Build.0 = Debug|Any CPU
		{C1E8D568-CA0A-45F5-B82F-3CC5D4759191}.Debug|x86.ActiveCfg = Debug|Any CPU
		{C1E8D568-CA0A-45F5-B82F-3CC5D4759191}.Debug|x86.Build.0 = Debug|Any CPU
		{C1E8D568-CA0A-45F5-B82F-3CC5D4759191}.Release|Any CPU.ActiveCfg = Release|Any CPU
		{C1E8D568-CA0A-45F5-B82F-3CC5D4759191}.Release|Any CPU.Build.0 = Release|Any CPU
		{C1E8D568-CA0A-45F5-B82F-3CC5D4759191}.Release|x64.ActiveCfg = Release|Any CPU
		{C1E8D568-CA0A-45F5-B82F-3CC5D4759191}.Release|x64.Build.0 = Release|Any CPU
		{C1E8D568-CA0A-45F5-B82F-3CC5D4759191}.Release|x86.ActiveCfg = Release|Any CPU
		{C1E8D568-CA0A-45F5-B82F-3CC5D4759191}.Release|x86.Build.0 = Release|Any CPU
		{BB0B62F4-E3F4-49B6-AB4B-92BE0A387816}.Debug|Any CPU.ActiveCfg = Debug|Any CPU
		{BB0B62F4-E3F4-49B6-AB4B-92BE0A387816}.Debug|Any CPU.Build.0 = Debug|Any CPU
		{BB0B62F4-E3F4-49B6-AB4B-92BE0A387816}.Debug|x64.ActiveCfg = Debug|Any CPU
		{BB0B62F4-E3F4-49B6-AB4B-92BE0A387816}.Debug|x64.Build.0 = Debug|Any CPU
		{BB0B62F4-E3F4-49B6-AB4B-92BE0A387816}.Debug|x86.ActiveCfg = Debug|Any CPU
		{BB0B62F4-E3F4-49B6-AB4B-92BE0A387816}.Debug|x86.Build.0 = Debug|Any CPU
		{BB0B62F4-E3F4-49B6-AB4B-92BE0A387816}.Release|Any CPU.ActiveCfg = Release|Any CPU
		{BB0B62F4-E3F4-49B6-AB4B-92BE0A387816}.Release|Any CPU.Build.0 = Release|Any CPU
		{BB0B62F4-E3F4-49B6-AB4B-92BE0A387816}.Release|x64.ActiveCfg = Release|Any CPU
		{BB0B62F4-E3F4-49B6-AB4B-92BE0A387816}.Release|x64.Build.0 = Release|Any CPU
		{BB0B62F4-E3F4-49B6-AB4B-92BE0A387816}.Release|x86.ActiveCfg = Release|Any CPU
		{BB0B62F4-E3F4-49B6-AB4B-92BE0A387816}.Release|x86.Build.0 = Release|Any CPU
		{E68B2401-1C76-4992-966D-05522CAF5D95}.Debug|Any CPU.ActiveCfg = Debug|x64
		{E68B2401-1C76-4992-966D-05522CAF5D95}.Debug|Any CPU.Build.0 = Debug|x64
		{E68B2401-1C76-4992-966D-05522CAF5D95}.Debug|x64.ActiveCfg = Debug|x64
		{E68B2401-1C76-4992-966D-05522CAF5D95}.Debug|x64.Build.0 = Debug|x64
		{E68B2401-1C76-4992-966D-05522CAF5D95}.Debug|x86.ActiveCfg = Debug|Win32
		{E68B2401-1C76-4992-966D-05522CAF5D95}.Debug|x86.Build.0 = Debug|Win32
		{E68B2401-1C76-4992-966D-05522CAF5D95}.Release|Any CPU.ActiveCfg = Release|x64
		{E68B2401-1C76-4992-966D-05522CAF5D95}.Release|Any CPU.Build.0 = Release|x64
		{E68B2401-1C76-4992-966D-05522CAF5D95}.Release|x64.ActiveCfg = Release|x64
		{E68B2401-1C76-4992-966D-05522CAF5D95}.Release|x64.Build.0 = Release|x64
		{E68B2401-1C76-4992-966D-05522CAF5D95}.Release|x86.ActiveCfg = Release|Win32
		{E68B2401-1C76-4992-966D-05522CAF5D95}.Release|x86.Build.0 = Release|Win32
	EndGlobalSection
	GlobalSection(SolutionProperties) = preSolution
		HideSolutionNode = FALSE
	EndGlobalSection
	GlobalSection(ExtensibilityGlobals) = postSolution
		SolutionGuid = {BDF552BC-1D0B-484D-BFBF-8CA03275702B}
	EndGlobalSection
	GlobalSection(SharedMSBuildProjectFiles) = preSolution
		Shared\Shared.projitems*{000542cb-b192-4040-99a8-b808eee43ee0}*SharedItemsImports = 13
		Shared\Shared.projitems*{6602f20b-fa18-485d-9a89-cec04932027f}*SharedItemsImports = 5
		Shared\Shared.projitems*{b3436961-068d-4028-b69b-8fa88eddde1e}*SharedItemsImports = 4
	EndGlobalSection
EndGlobal
